// !$*UTF8*$!
{
	archiveVersion = 1;
	classes = {
	};
	objectVersion = 55;
	objects = {

/* Begin PBXBuildFile section */
		F55AB4DE2852919A000C1A88 /* musicXpressApp.swift in Sources */ = {isa = PBXBuildFile; fileRef = F55AB4DD2852919A000C1A88 /* musicXpressApp.swift */; };
		F55AB4E02852919A000C1A88 /* ContentView.swift in Sources */ = {isa = PBXBuildFile; fileRef = F55AB4DF2852919A000C1A88 /* ContentView.swift */; };
		F55AB4E22852919D000C1A88 /* Assets.xcassets in Resources */ = {isa = PBXBuildFile; fileRef = F55AB4E12852919D000C1A88 /* Assets.xcassets */; };
		F55AB4E52852919D000C1A88 /* Preview Assets.xcassets in Resources */ = {isa = PBXBuildFile; fileRef = F55AB4E42852919D000C1A88 /* Preview Assets.xcassets */; };
		F55AB4E72852919D000C1A88 /* Persistence.swift in Sources */ = {isa = PBXBuildFile; fileRef = F55AB4E62852919D000C1A88 /* Persistence.swift */; };
		F55AB4EA2852919D000C1A88 /* musicXpress.xcdatamodeld in Sources */ = {isa = PBXBuildFile; fileRef = F55AB4E82852919D000C1A88 /* musicXpress.xcdatamodeld */; };
		F55AB4F42852919D000C1A88 /* musicXpressTests.swift in Sources */ = {isa = PBXBuildFile; fileRef = F55AB4F32852919D000C1A88 /* musicXpressTests.swift */; };
		F55AB4FE2852919D000C1A88 /* musicXpressUITests.swift in Sources */ = {isa = PBXBuildFile; fileRef = F55AB4FD2852919D000C1A88 /* musicXpressUITests.swift */; };
		F55AB5002852919D000C1A88 /* musicXpressUITestsLaunchTests.swift in Sources */ = {isa = PBXBuildFile; fileRef = F55AB4FF2852919D000C1A88 /* musicXpressUITestsLaunchTests.swift */; };
/* End PBXBuildFile section */

/* Begin PBXContainerItemProxy section */
		F55AB4F02852919D000C1A88 /* PBXContainerItemProxy */ = {
			isa = PBXContainerItemProxy;
			containerPortal = F55AB4D22852919A000C1A88 /* Project object */;
			proxyType = 1;
			remoteGlobalIDString = F55AB4D92852919A000C1A88;
			remoteInfo = musicXpress;
		};
		F55AB4FA2852919D000C1A88 /* PBXContainerItemProxy */ = {
			isa = PBXContainerItemProxy;
			containerPortal = F55AB4D22852919A000C1A88 /* Project object */;
			proxyType = 1;
			remoteGlobalIDString = F55AB4D92852919A000C1A88;
			remoteInfo = musicXpress;
		};
/* End PBXContainerItemProxy section */

/* Begin PBXFileReference section */
		F55AB4DA2852919A000C1A88 /* musicXpress.app */ = {isa = PBXFileReference; explicitFileType = wrapper.application; includeInIndex = 0; path = musicXpress.app; sourceTree = BUILT_PRODUCTS_DIR; };
		F55AB4DD2852919A000C1A88 /* musicXpressApp.swift */ = {isa = PBXFileReference; lastKnownFileType = sourcecode.swift; path = musicXpressApp.swift; sourceTree = "<group>"; };
		F55AB4DF2852919A000C1A88 /* ContentView.swift */ = {isa = PBXFileReference; lastKnownFileType = sourcecode.swift; path = ContentView.swift; sourceTree = "<group>"; };
		F55AB4E12852919D000C1A88 /* Assets.xcassets */ = {isa = PBXFileReference; lastKnownFileType = folder.assetcatalog; path = Assets.xcassets; sourceTree = "<group>"; };
		F55AB4E42852919D000C1A88 /* Preview Assets.xcassets */ = {isa = PBXFileReference; lastKnownFileType = folder.assetcatalog; path = "Preview Assets.xcassets"; sourceTree = "<group>"; };
		F55AB4E62852919D000C1A88 /* Persistence.swift */ = {isa = PBXFileReference; lastKnownFileType = sourcecode.swift; path = Persistence.swift; sourceTree = "<group>"; };
		F55AB4E92852919D000C1A88 /* musicXpress.xcdatamodel */ = {isa = PBXFileReference; lastKnownFileType = wrapper.xcdatamodel; path = musicXpress.xcdatamodel; sourceTree = "<group>"; };
		F55AB4EF2852919D000C1A88 /* musicXpressTests.xctest */ = {isa = PBXFileReference; explicitFileType = wrapper.cfbundle; includeInIndex = 0; path = musicXpressTests.xctest; sourceTree = BUILT_PRODUCTS_DIR; };
		F55AB4F32852919D000C1A88 /* musicXpressTests.swift */ = {isa = PBXFileReference; lastKnownFileType = sourcecode.swift; path = musicXpressTests.swift; sourceTree = "<group>"; };
		F55AB4F92852919D000C1A88 /* musicXpressUITests.xctest */ = {isa = PBXFileReference; explicitFileType = wrapper.cfbundle; includeInIndex = 0; path = musicXpressUITests.xctest; sourceTree = BUILT_PRODUCTS_DIR; };
		F55AB4FD2852919D000C1A88 /* musicXpressUITests.swift */ = {isa = PBXFileReference; lastKnownFileType = sourcecode.swift; path = musicXpressUITests.swift; sourceTree = "<group>"; };
		F55AB4FF2852919D000C1A88 /* musicXpressUITestsLaunchTests.swift */ = {isa = PBXFileReference; lastKnownFileType = sourcecode.swift; path = musicXpressUITestsLaunchTests.swift; sourceTree = "<group>"; };
/* End PBXFileReference section */

/* Begin PBXFrameworksBuildPhase section */
		F55AB4D72852919A000C1A88 /* Frameworks */ = {
			isa = PBXFrameworksBuildPhase;
			buildActionMask = 2147483647;
			files = (
			);
			runOnlyForDeploymentPostprocessing = 0;
		};
		F55AB4EC2852919D000C1A88 /* Frameworks */ = {
			isa = PBXFrameworksBuildPhase;
			buildActionMask = 2147483647;
			files = (
			);
			runOnlyForDeploymentPostprocessing = 0;
		};
		F55AB4F62852919D000C1A88 /* Frameworks */ = {
			isa = PBXFrameworksBuildPhase;
			buildActionMask = 2147483647;
			files = (
			);
			runOnlyForDeploymentPostprocessing = 0;
		};
/* End PBXFrameworksBuildPhase section */

/* Begin PBXGroup section */
		F55AB4D12852919A000C1A88 = {
			isa = PBXGroup;
			children = (
				F55AB4DC2852919A000C1A88 /* musicXpress */,
				F55AB4F22852919D000C1A88 /* musicXpressTests */,
				F55AB4FC2852919D000C1A88 /* musicXpressUITests */,
				F55AB4DB2852919A000C1A88 /* Products */,
			);
			sourceTree = "<group>";
		};
		F55AB4DB2852919A000C1A88 /* Products */ = {
			isa = PBXGroup;
			children = (
				F55AB4DA2852919A000C1A88 /* musicXpress.app */,
				F55AB4EF2852919D000C1A88 /* musicXpressTests.xctest */,
				F55AB4F92852919D000C1A88 /* musicXpressUITests.xctest */,
			);
			name = Products;
			sourceTree = "<group>";
		};
		F55AB4DC2852919A000C1A88 /* musicXpress */ = {
			isa = PBXGroup;
			children = (
				F55AB4DD2852919A000C1A88 /* musicXpressApp.swift */,
				F55AB4DF2852919A000C1A88 /* ContentView.swift */,
				F55AB4E12852919D000C1A88 /* Assets.xcassets */,
				F55AB4E62852919D000C1A88 /* Persistence.swift */,
				F55AB4E82852919D000C1A88 /* musicXpress.xcdatamodeld */,
				F55AB4E32852919D000C1A88 /* Preview Content */,
			);
			path = musicXpress;
			sourceTree = "<group>";
		};
		F55AB4E32852919D000C1A88 /* Preview Content */ = {
			isa = PBXGroup;
			children = (
				F55AB4E42852919D000C1A88 /* Preview Assets.xcassets */,
			);
			path = "Preview Content";
			sourceTree = "<group>";
		};
		F55AB4F22852919D000C1A88 /* musicXpressTests */ = {
			isa = PBXGroup;
			children = (
				F55AB4F32852919D000C1A88 /* musicXpressTests.swift */,
			);
			path = musicXpressTests;
			sourceTree = "<group>";
		};
		F55AB4FC2852919D000C1A88 /* musicXpressUITests */ = {
			isa = PBXGroup;
			children = (
				F55AB4FD2852919D000C1A88 /* musicXpressUITests.swift */,
				F55AB4FF2852919D000C1A88 /* musicXpressUITestsLaunchTests.swift */,
			);
			path = musicXpressUITests;
			sourceTree = "<group>";
		};
/* End PBXGroup section */

/* Begin PBXNativeTarget section */
		F55AB4D92852919A000C1A88 /* musicXpress */ = {
			isa = PBXNativeTarget;
			buildConfigurationList = F55AB5032852919D000C1A88 /* Build configuration list for PBXNativeTarget "musicXpress" */;
			buildPhases = (
				F55AB4D62852919A000C1A88 /* Sources */,
				F55AB4D72852919A000C1A88 /* Frameworks */,
				F55AB4D82852919A000C1A88 /* Resources */,
			);
			buildRules = (
			);
			dependencies = (
			);
			name = musicXpress;
			productName = musicXpress;
			productReference = F55AB4DA2852919A000C1A88 /* musicXpress.app */;
			productType = "com.apple.product-type.application";
		};
		F55AB4EE2852919D000C1A88 /* musicXpressTests */ = {
			isa = PBXNativeTarget;
			buildConfigurationList = F55AB5062852919D000C1A88 /* Build configuration list for PBXNativeTarget "musicXpressTests" */;
			buildPhases = (
				F55AB4EB2852919D000C1A88 /* Sources */,
				F55AB4EC2852919D000C1A88 /* Frameworks */,
				F55AB4ED2852919D000C1A88 /* Resources */,
			);
			buildRules = (
			);
			dependencies = (
				F55AB4F12852919D000C1A88 /* PBXTargetDependency */,
			);
			name = musicXpressTests;
			productName = musicXpressTests;
			productReference = F55AB4EF2852919D000C1A88 /* musicXpressTests.xctest */;
			productType = "com.apple.product-type.bundle.unit-test";
		};
		F55AB4F82852919D000C1A88 /* musicXpressUITests */ = {
			isa = PBXNativeTarget;
			buildConfigurationList = F55AB5092852919D000C1A88 /* Build configuration list for PBXNativeTarget "musicXpressUITests" */;
			buildPhases = (
				F55AB4F52852919D000C1A88 /* Sources */,
				F55AB4F62852919D000C1A88 /* Frameworks */,
				F55AB4F72852919D000C1A88 /* Resources */,
			);
			buildRules = (
			);
			dependencies = (
				F55AB4FB2852919D000C1A88 /* PBXTargetDependency */,
			);
			name = musicXpressUITests;
			productName = musicXpressUITests;
			productReference = F55AB4F92852919D000C1A88 /* musicXpressUITests.xctest */;
			productType = "com.apple.product-type.bundle.ui-testing";
		};
/* End PBXNativeTarget section */

/* Begin PBXProject section */
		F55AB4D22852919A000C1A88 /* Project object */ = {
			isa = PBXProject;
			attributes = {
				BuildIndependentTargetsInParallel = 1;
				LastSwiftUpdateCheck = 1340;
				LastUpgradeCheck = 1340;
				TargetAttributes = {
					F55AB4D92852919A000C1A88 = {
						CreatedOnToolsVersion = 13.4.1;
					};
					F55AB4EE2852919D000C1A88 = {
						CreatedOnToolsVersion = 13.4.1;
						TestTargetID = F55AB4D92852919A000C1A88;
					};
					F55AB4F82852919D000C1A88 = {
						CreatedOnToolsVersion = 13.4.1;
						TestTargetID = F55AB4D92852919A000C1A88;
					};
				};
			};
			buildConfigurationList = F55AB4D52852919A000C1A88 /* Build configuration list for PBXProject "musicXpress" */;
			compatibilityVersion = "Xcode 13.0";
			developmentRegion = en;
			hasScannedForEncodings = 0;
			knownRegions = (
				en,
				Base,
			);
			mainGroup = F55AB4D12852919A000C1A88;
			productRefGroup = F55AB4DB2852919A000C1A88 /* Products */;
			projectDirPath = "";
			projectRoot = "";
			targets = (
				F55AB4D92852919A000C1A88 /* musicXpress */,
				F55AB4EE2852919D000C1A88 /* musicXpressTests */,
				F55AB4F82852919D000C1A88 /* musicXpressUITests */,
			);
		};
/* End PBXProject section */

/* Begin PBXResourcesBuildPhase section */
		F55AB4D82852919A000C1A88 /* Resources */ = {
			isa = PBXResourcesBuildPhase;
			buildActionMask = 2147483647;
			files = (
				F55AB4E52852919D000C1A88 /* Preview Assets.xcassets in Resources */,
				F55AB4E22852919D000C1A88 /* Assets.xcassets in Resources */,
			);
			runOnlyForDeploymentPostprocessing = 0;
		};
		F55AB4ED2852919D000C1A88 /* Resources */ = {
			isa = PBXResourcesBuildPhase;
			buildActionMask = 2147483647;
			files = (
			);
			runOnlyForDeploymentPostprocessing = 0;
		};
		F55AB4F72852919D000C1A88 /* Resources */ = {
			isa = PBXResourcesBuildPhase;
			buildActionMask = 2147483647;
			files = (
			);
			runOnlyForDeploymentPostprocessing = 0;
		};
/* End PBXResourcesBuildPhase section */

/* Begin PBXSourcesBuildPhase section */
		F55AB4D62852919A000C1A88 /* Sources */ = {
			isa = PBXSourcesBuildPhase;
			buildActionMask = 2147483647;
			files = (
				F55AB4E72852919D000C1A88 /* Persistence.swift in Sources */,
				F55AB4E02852919A000C1A88 /* ContentView.swift in Sources */,
				F55AB4EA2852919D000C1A88 /* musicXpress.xcdatamodeld in Sources */,
				F55AB4DE2852919A000C1A88 /* musicXpressApp.swift in Sources */,
			);
			runOnlyForDeploymentPostprocessing = 0;
		};
		F55AB4EB2852919D000C1A88 /* Sources */ = {
			isa = PBXSourcesBuildPhase;
			buildActionMask = 2147483647;
			files = (
				F55AB4F42852919D000C1A88 /* musicXpressTests.swift in Sources */,
			);
			runOnlyForDeploymentPostprocessing = 0;
		};
		F55AB4F52852919D000C1A88 /* Sources */ = {
			isa = PBXSourcesBuildPhase;
			buildActionMask = 2147483647;
			files = (
				F55AB4FE2852919D000C1A88 /* musicXpressUITests.swift in Sources */,
				F55AB5002852919D000C1A88 /* musicXpressUITestsLaunchTests.swift in Sources */,
			);
			runOnlyForDeploymentPostprocessing = 0;
		};
/* End PBXSourcesBuildPhase section */

/* Begin PBXTargetDependency section */
		F55AB4F12852919D000C1A88 /* PBXTargetDependency */ = {
			isa = PBXTargetDependency;
			target = F55AB4D92852919A000C1A88 /* musicXpress */;
			targetProxy = F55AB4F02852919D000C1A88 /* PBXContainerItemProxy */;
		};
		F55AB4FB2852919D000C1A88 /* PBXTargetDependency */ = {
			isa = PBXTargetDependency;
			target = F55AB4D92852919A000C1A88 /* musicXpress */;
			targetProxy = F55AB4FA2852919D000C1A88 /* PBXContainerItemProxy */;
		};
/* End PBXTargetDependency section */

/* Begin XCBuildConfiguration section */
		F55AB5012852919D000C1A88 /* Debug */ = {
			isa = XCBuildConfiguration;
			buildSettings = {
				ALWAYS_SEARCH_USER_PATHS = NO;
				CLANG_ANALYZER_NONNULL = YES;
				CLANG_ANALYZER_NUMBER_OBJECT_CONVERSION = YES_AGGRESSIVE;
				CLANG_CXX_LANGUAGE_STANDARD = "gnu++17";
				CLANG_ENABLE_MODULES = YES;
				CLANG_ENABLE_OBJC_ARC = YES;
				CLANG_ENABLE_OBJC_WEAK = YES;
				CLANG_WARN_BLOCK_CAPTURE_AUTORELEASING = YES;
				CLANG_WARN_BOOL_CONVERSION = YES;
				CLANG_WARN_COMMA = YES;
				CLANG_WARN_CONSTANT_CONVERSION = YES;
				CLANG_WARN_DEPRECATED_OBJC_IMPLEMENTATIONS = YES;
				CLANG_WARN_DIRECT_OBJC_ISA_USAGE = YES_ERROR;
				CLANG_WARN_DOCUMENTATION_COMMENTS = YES;
				CLANG_WARN_EMPTY_BODY = YES;
				CLANG_WARN_ENUM_CONVERSION = YES;
				CLANG_WARN_INFINITE_RECURSION = YES;
				CLANG_WARN_INT_CONVERSION = YES;
				CLANG_WARN_NON_LITERAL_NULL_CONVERSION = YES;
				CLANG_WARN_OBJC_IMPLICIT_RETAIN_SELF = YES;
				CLANG_WARN_OBJC_LITERAL_CONVERSION = YES;
				CLANG_WARN_OBJC_ROOT_CLASS = YES_ERROR;
				CLANG_WARN_QUOTED_INCLUDE_IN_FRAMEWORK_HEADER = YES;
				CLANG_WARN_RANGE_LOOP_ANALYSIS = YES;
				CLANG_WARN_STRICT_PROTOTYPES = YES;
				CLANG_WARN_SUSPICIOUS_MOVE = YES;
				CLANG_WARN_UNGUARDED_AVAILABILITY = YES_AGGRESSIVE;
				CLANG_WARN_UNREACHABLE_CODE = YES;
				CLANG_WARN__DUPLICATE_METHOD_MATCH = YES;
				COPY_PHASE_STRIP = NO;
				DEBUG_INFORMATION_FORMAT = dwarf;
				ENABLE_STRICT_OBJC_MSGSEND = YES;
				ENABLE_TESTABILITY = YES;
				GCC_C_LANGUAGE_STANDARD = gnu11;
				GCC_DYNAMIC_NO_PIC = NO;
				GCC_NO_COMMON_BLOCKS = YES;
				GCC_OPTIMIZATION_LEVEL = 0;
				GCC_PREPROCESSOR_DEFINITIONS = (
					"DEBUG=1",
					"$(inherited)",
				);
				GCC_WARN_64_TO_32_BIT_CONVERSION = YES;
				GCC_WARN_ABOUT_RETURN_TYPE = YES_ERROR;
				GCC_WARN_UNDECLARED_SELECTOR = YES;
				GCC_WARN_UNINITIALIZED_AUTOS = YES_AGGRESSIVE;
				GCC_WARN_UNUSED_FUNCTION = YES;
				GCC_WARN_UNUSED_VARIABLE = YES;
				IPHONEOS_DEPLOYMENT_TARGET = 15.5;
				MTL_ENABLE_DEBUG_INFO = INCLUDE_SOURCE;
				MTL_FAST_MATH = YES;
				ONLY_ACTIVE_ARCH = YES;
				SDKROOT = iphoneos;
				SWIFT_ACTIVE_COMPILATION_CONDITIONS = DEBUG;
				SWIFT_OPTIMIZATION_LEVEL = "-Onone";
			};
			name = Debug;
		};
		F55AB5022852919D000C1A88 /* Release */ = {
			isa = XCBuildConfiguration;
			buildSettings = {
				ALWAYS_SEARCH_USER_PATHS = NO;
				CLANG_ANALYZER_NONNULL = YES;
				CLANG_ANALYZER_NUMBER_OBJECT_CONVERSION = YES_AGGRESSIVE;
				CLANG_CXX_LANGUAGE_STANDARD = "gnu++17";
				CLANG_ENABLE_MODULES = YES;
				CLANG_ENABLE_OBJC_ARC = YES;
				CLANG_ENABLE_OBJC_WEAK = YES;
				CLANG_WARN_BLOCK_CAPTURE_AUTORELEASING = YES;
				CLANG_WARN_BOOL_CONVERSION = YES;
				CLANG_WARN_COMMA = YES;
				CLANG_WARN_CONSTANT_CONVERSION = YES;
				CLANG_WARN_DEPRECATED_OBJC_IMPLEMENTATIONS = YES;
				CLANG_WARN_DIRECT_OBJC_ISA_USAGE = YES_ERROR;
				CLANG_WARN_DOCUMENTATION_COMMENTS = YES;
				CLANG_WARN_EMPTY_BODY = YES;
				CLANG_WARN_ENUM_CONVERSION = YES;
				CLANG_WARN_INFINITE_RECURSION = YES;
				CLANG_WARN_INT_CONVERSION = YES;
				CLANG_WARN_NON_LITERAL_NULL_CONVERSION = YES;
				CLANG_WARN_OBJC_IMPLICIT_RETAIN_SELF = YES;
				CLANG_WARN_OBJC_LITERAL_CONVERSION = YES;
				CLANG_WARN_OBJC_ROOT_CLASS = YES_ERROR;
				CLANG_WARN_QUOTED_INCLUDE_IN_FRAMEWORK_HEADER = YES;
				CLANG_WARN_RANGE_LOOP_ANALYSIS = YES;
				CLANG_WARN_STRICT_PROTOTYPES = YES;
				CLANG_WARN_SUSPICIOUS_MOVE = YES;
				CLANG_WARN_UNGUARDED_AVAILABILITY = YES_AGGRESSIVE;
				CLANG_WARN_UNREACHABLE_CODE = YES;
				CLANG_WARN__DUPLICATE_METHOD_MATCH = YES;
				COPY_PHASE_STRIP = NO;
				DEBUG_INFORMATION_FORMAT = "dwarf-with-dsym";
				ENABLE_NS_ASSERTIONS = NO;
				ENABLE_STRICT_OBJC_MSGSEND = YES;
				GCC_C_LANGUAGE_STANDARD = gnu11;
				GCC_NO_COMMON_BLOCKS = YES;
				GCC_WARN_64_TO_32_BIT_CONVERSION = YES;
				GCC_WARN_ABOUT_RETURN_TYPE = YES_ERROR;
				GCC_WARN_UNDECLARED_SELECTOR = YES;
				GCC_WARN_UNINITIALIZED_AUTOS = YES_AGGRESSIVE;
				GCC_WARN_UNUSED_FUNCTION = YES;
				GCC_WARN_UNUSED_VARIABLE = YES;
				IPHONEOS_DEPLOYMENT_TARGET = 15.5;
				MTL_ENABLE_DEBUG_INFO = NO;
				MTL_FAST_MATH = YES;
				SDKROOT = iphoneos;
				SWIFT_COMPILATION_MODE = wholemodule;
				SWIFT_OPTIMIZATION_LEVEL = "-O";
				VALIDATE_PRODUCT = YES;
			};
			name = Release;
		};
		F55AB5042852919D000C1A88 /* Debug */ = {
			isa = XCBuildConfiguration;
			buildSettings = {
				ASSETCATALOG_COMPILER_APPICON_NAME = AppIcon;
				ASSETCATALOG_COMPILER_GLOBAL_ACCENT_COLOR_NAME = AccentColor;
				CODE_SIGN_STYLE = Automatic;
				CURRENT_PROJECT_VERSION = 1;
				DEVELOPMENT_ASSET_PATHS = "\"musicXpress/Preview Content\"";
				DEVELOPMENT_TEAM = B97JTSGWZ2;
				ENABLE_PREVIEWS = YES;
				GENERATE_INFOPLIST_FILE = YES;
				INFOPLIST_KEY_UIApplicationSceneManifest_Generation = YES;
				INFOPLIST_KEY_UIApplicationSupportsIndirectInputEvents = YES;
				INFOPLIST_KEY_UILaunchScreen_Generation = YES;
				INFOPLIST_KEY_UISupportedInterfaceOrientations_iPad = "UIInterfaceOrientationPortrait UIInterfaceOrientationPortraitUpsideDown UIInterfaceOrientationLandscapeLeft UIInterfaceOrientationLandscapeRight";
				INFOPLIST_KEY_UISupportedInterfaceOrientations_iPhone = "UIInterfaceOrientationPortrait UIInterfaceOrientationLandscapeLeft UIInterfaceOrientationLandscapeRight";
				LD_RUNPATH_SEARCH_PATHS = (
					"$(inherited)",
					"@executable_path/Frameworks",
				);
				MARKETING_VERSION = 1.0;
				PRODUCT_BUNDLE_IDENTIFIER = com.misaki1301.musicXpress;
				PRODUCT_NAME = "$(TARGET_NAME)";
				SWIFT_EMIT_LOC_STRINGS = YES;
				SWIFT_VERSION = 5.0;
				TARGETED_DEVICE_FAMILY = "1,2";
			};
			name = Debug;
		};
		F55AB5052852919D000C1A88 /* Release */ = {
			isa = XCBuildConfiguration;
			buildSettings = {
				ASSETCATALOG_COMPILER_APPICON_NAME = AppIcon;
				ASSETCATALOG_COMPILER_GLOBAL_ACCENT_COLOR_NAME = AccentColor;
				CODE_SIGN_STYLE = Automatic;
				CURRENT_PROJECT_VERSION = 1;
				DEVELOPMENT_ASSET_PATHS = "\"musicXpress/Preview Content\"";
				DEVELOPMENT_TEAM = B97JTSGWZ2;
				ENABLE_PREVIEWS = YES;
				GENERATE_INFOPLIST_FILE = YES;
				INFOPLIST_KEY_UIApplicationSceneManifest_Generation = YES;
				INFOPLIST_KEY_UIApplicationSupportsIndirectInputEvents = YES;
				INFOPLIST_KEY_UILaunchScreen_Generation = YES;
				INFOPLIST_KEY_UISupportedInterfaceOrientations_iPad = "UIInterfaceOrientationPortrait UIInterfaceOrientationPortraitUpsideDown UIInterfaceOrientationLandscapeLeft UIInterfaceOrientationLandscapeRight";
				INFOPLIST_KEY_UISupportedInterfaceOrientations_iPhone = "UIInterfaceOrientationPortrait UIInterfaceOrientationLandscapeLeft UIInterfaceOrientationLandscapeRight";
				LD_RUNPATH_SEARCH_PATHS = (
					"$(inherited)",
					"@executable_path/Frameworks",
				);
				MARKETING_VERSION = 1.0;
				PRODUCT_BUNDLE_IDENTIFIER = com.misaki1301.musicXpress;
				PRODUCT_NAME = "$(TARGET_NAME)";
				SWIFT_EMIT_LOC_STRINGS = YES;
				SWIFT_VERSION = 5.0;
				TARGETED_DEVICE_FAMILY = "1,2";
			};
			name = Release;
		};
		F55AB5072852919D000C1A88 /* Debug */ = {
			isa = XCBuildConfiguration;
			buildSettings = {
				ALWAYS_EMBED_SWIFT_STANDARD_LIBRARIES = YES;
				BUNDLE_LOADER = "$(TEST_HOST)";
				CODE_SIGN_STYLE = Automatic;
				CURRENT_PROJECT_VERSION = 1;
				DEVELOPMENT_TEAM = B97JTSGWZ2;
				GENERATE_INFOPLIST_FILE = YES;
				IPHONEOS_DEPLOYMENT_TARGET = 15.5;
				MARKETING_VERSION = 1.0;
				PRODUCT_BUNDLE_IDENTIFIER = com.misaki1301.musicXpressTests;
				PRODUCT_NAME = "$(TARGET_NAME)";
				SWIFT_EMIT_LOC_STRINGS = NO;
				SWIFT_VERSION = 5.0;
				TARGETED_DEVICE_FAMILY = "1,2";
				TEST_HOST = "$(BUILT_PRODUCTS_DIR)/musicXpress.app/musicXpress";
			};
			name = Debug;
		};
		F55AB5082852919D000C1A88 /* Release */ = {
			isa = XCBuildConfiguration;
			buildSettings = {
				ALWAYS_EMBED_SWIFT_STANDARD_LIBRARIES = YES;
				BUNDLE_LOADER = "$(TEST_HOST)";
				CODE_SIGN_STYLE = Automatic;
				CURRENT_PROJECT_VERSION = 1;
				DEVELOPMENT_TEAM = B97JTSGWZ2;
				GENERATE_INFOPLIST_FILE = YES;
				IPHONEOS_DEPLOYMENT_TARGET = 15.5;
				MARKETING_VERSION = 1.0;
				PRODUCT_BUNDLE_IDENTIFIER = com.misaki1301.musicXpressTests;
				PRODUCT_NAME = "$(TARGET_NAME)";
				SWIFT_EMIT_LOC_STRINGS = NO;
				SWIFT_VERSION = 5.0;
				TARGETED_DEVICE_FAMILY = "1,2";
				TEST_HOST = "$(BUILT_PRODUCTS_DIR)/musicXpress.app/musicXpress";
			};
			name = Release;
		};
		F55AB50A2852919D000C1A88 /* Debug */ = {
			isa = XCBuildConfiguration;
			buildSettings = {
				ALWAYS_EMBED_SWIFT_STANDARD_LIBRARIES = YES;
				CODE_SIGN_STYLE = Automatic;
				CURRENT_PROJECT_VERSION = 1;
				DEVELOPMENT_TEAM = B97JTSGWZ2;
				GENERATE_INFOPLIST_FILE = YES;
				MARKETING_VERSION = 1.0;
				PRODUCT_BUNDLE_IDENTIFIER = com.misaki1301.musicXpressUITests;
				PRODUCT_NAME = "$(TARGET_NAME)";
				SWIFT_EMIT_LOC_STRINGS = NO;
				SWIFT_VERSION = 5.0;
				TARGETED_DEVICE_FAMILY = "1,2";
				TEST_TARGET_NAME = musicXpress;
			};
			name = Debug;
		};
		F55AB50B2852919D000C1A88 /* Release */ = {
			isa = XCBuildConfiguration;
			buildSettings = {
				ALWAYS_EMBED_SWIFT_STANDARD_LIBRARIES = YES;
				CODE_SIGN_STYLE = Automatic;
				CURRENT_PROJECT_VERSION = 1;
				DEVELOPMENT_TEAM = B97JTSGWZ2;
				GENERATE_INFOPLIST_FILE = YES;
				MARKETING_VERSION = 1.0;
				PRODUCT_BUNDLE_IDENTIFIER = com.misaki1301.musicXpressUITests;
				PRODUCT_NAME = "$(TARGET_NAME)";
				SWIFT_EMIT_LOC_STRINGS = NO;
				SWIFT_VERSION = 5.0;
				TARGETED_DEVICE_FAMILY = "1,2";
				TEST_TARGET_NAME = musicXpress;
			};
			name = Release;
		};
/* End XCBuildConfiguration section */

/* Begin XCConfigurationList section */
		F55AB4D52852919A000C1A88 /* Build configuration list for PBXProject "musicXpress" */ = {
			isa = XCConfigurationList;
			buildConfigurations = (
				F55AB5012852919D000C1A88 /* Debug */,
				F55AB5022852919D000C1A88 /* Release */,
			);
			defaultConfigurationIsVisible = 0;
			defaultConfigurationName = Release;
		};
		F55AB5032852919D000C1A88 /* Build configuration list for PBXNativeTarget "musicXpress" */ = {
			isa = XCConfigurationList;
			buildConfigurations = (
				F55AB5042852919D000C1A88 /* Debug */,
				F55AB5052852919D000C1A88 /* Release */,
			);
			defaultConfigurationIsVisible = 0;
			defaultConfigurationName = Release;
		};
		F55AB5062852919D000C1A88 /* Build configuration list for PBXNativeTarget "musicXpressTests" */ = {
			isa = XCConfigurationList;
			buildConfigurations = (
				F55AB5072852919D000C1A88 /* Debug */,
				F55AB5082852919D000C1A88 /* Release */,
			);
			defaultConfigurationIsVisible = 0;
			defaultConfigurationName = Release;
		};
		F55AB5092852919D000C1A88 /* Build configuration list for PBXNativeTarget "musicXpressUITests" */ = {
			isa = XCConfigurationList;
			buildConfigurations = (
				F55AB50A2852919D000C1A88 /* Debug */,
				F55AB50B2852919D000C1A88 /* Release */,
			);
			defaultConfigurationIsVisible = 0;
			defaultConfigurationName = Release;
		};
/* End XCConfigurationList section */

/* Begin XCVersionGroup section */
		F55AB4E82852919D000C1A88 /* musicXpress.xcdatamodeld */ = {
			isa = XCVersionGroup;
			children = (
				F55AB4E92852919D000C1A88 /* musicXpress.xcdatamodel */,
			);
			currentVersion = F55AB4E92852919D000C1A88 /* musicXpress.xcdatamodel */;
			path = musicXpress.xcdatamodeld;
			sourceTree = "<group>";
			versionGroupType = wrapper.xcdatamodel;
		};
/* End XCVersionGroup section */
	};
	rootObject = F55AB4D22852919A000C1A88 /* Project object */;
}
